// !$*UTF8*$!
{
	archiveVersion = 1;
	classes = {
	};
	objectVersion = 50;
	objects = {

/* Begin PBXBuildFile section */
		6EC5F79526018BD000428257 /* AppDelegate.swift in Sources */ = {isa = PBXBuildFile; fileRef = 6EC5F79426018BD000428257 /* AppDelegate.swift */; };
		6EC5F79726018BD000428257 /* SceneDelegate.swift in Sources */ = {isa = PBXBuildFile; fileRef = 6EC5F79626018BD000428257 /* SceneDelegate.swift */; };
		6EC5F79926018BD000428257 /* EmployeesViewController.swift in Sources */ = {isa = PBXBuildFile; fileRef = 6EC5F79826018BD000428257 /* EmployeesViewController.swift */; };
		6EC5F79C26018BD000428257 /* Main.storyboard in Resources */ = {isa = PBXBuildFile; fileRef = 6EC5F79A26018BD000428257 /* Main.storyboard */; };
		6EC5F79E26018BD200428257 /* Assets.xcassets in Resources */ = {isa = PBXBuildFile; fileRef = 6EC5F79D26018BD200428257 /* Assets.xcassets */; };
		6EC5F7A126018BD200428257 /* LaunchScreen.storyboard in Resources */ = {isa = PBXBuildFile; fileRef = 6EC5F79F26018BD200428257 /* LaunchScreen.storyboard */; };
		6EC5F7AC26018BD200428257 /* SquareTests.swift in Sources */ = {isa = PBXBuildFile; fileRef = 6EC5F7AB26018BD200428257 /* SquareTests.swift */; };
		6EC5F7B726018BD200428257 /* SquareUITests.swift in Sources */ = {isa = PBXBuildFile; fileRef = 6EC5F7B626018BD200428257 /* SquareUITests.swift */; };
/* End PBXBuildFile section */

/* Begin PBXContainerItemProxy section */
		6EC5F7A826018BD200428257 /* PBXContainerItemProxy */ = {
			isa = PBXContainerItemProxy;
			containerPortal = 6EC5F78926018BD000428257 /* Project object */;
			proxyType = 1;
			remoteGlobalIDString = 6EC5F79026018BD000428257;
			remoteInfo = Square;
		};
		6EC5F7B326018BD200428257 /* PBXContainerItemProxy */ = {
			isa = PBXContainerItemProxy;
			containerPortal = 6EC5F78926018BD000428257 /* Project object */;
			proxyType = 1;
			remoteGlobalIDString = 6EC5F79026018BD000428257;
			remoteInfo = Square;
		};
/* End PBXContainerItemProxy section */

/* Begin PBXFileReference section */
		6EC5F79126018BD000428257 /* Square.app */ = {isa = PBXFileReference; explicitFileType = wrapper.application; includeInIndex = 0; path = Square.app; sourceTree = BUILT_PRODUCTS_DIR; };
		6EC5F79426018BD000428257 /* AppDelegate.swift */ = {isa = PBXFileReference; lastKnownFileType = sourcecode.swift; path = AppDelegate.swift; sourceTree = "<group>"; };
		6EC5F79626018BD000428257 /* SceneDelegate.swift */ = {isa = PBXFileReference; lastKnownFileType = sourcecode.swift; path = SceneDelegate.swift; sourceTree = "<group>"; };
		6EC5F79826018BD000428257 /* EmployeesViewController.swift */ = {isa = PBXFileReference; lastKnownFileType = sourcecode.swift; path = EmployeesViewController.swift; sourceTree = "<group>"; };
		6EC5F79B26018BD000428257 /* Base */ = {isa = PBXFileReference; lastKnownFileType = file.storyboard; name = Base; path = Base.lproj/Main.storyboard; sourceTree = "<group>"; };
		6EC5F79D26018BD200428257 /* Assets.xcassets */ = {isa = PBXFileReference; lastKnownFileType = folder.assetcatalog; path = Assets.xcassets; sourceTree = "<group>"; };
		6EC5F7A026018BD200428257 /* Base */ = {isa = PBXFileReference; lastKnownFileType = file.storyboard; name = Base; path = Base.lproj/LaunchScreen.storyboard; sourceTree = "<group>"; };
		6EC5F7A226018BD200428257 /* Info.plist */ = {isa = PBXFileReference; lastKnownFileType = text.plist.xml; path = Info.plist; sourceTree = "<group>"; };
		6EC5F7A726018BD200428257 /* SquareTests.xctest */ = {isa = PBXFileReference; explicitFileType = wrapper.cfbundle; includeInIndex = 0; path = SquareTests.xctest; sourceTree = BUILT_PRODUCTS_DIR; };
		6EC5F7AB26018BD200428257 /* SquareTests.swift */ = {isa = PBXFileReference; lastKnownFileType = sourcecode.swift; path = SquareTests.swift; sourceTree = "<group>"; };
		6EC5F7AD26018BD200428257 /* Info.plist */ = {isa = PBXFileReference; lastKnownFileType = text.plist.xml; path = Info.plist; sourceTree = "<group>"; };
		6EC5F7B226018BD200428257 /* SquareUITests.xctest */ = {isa = PBXFileReference; explicitFileType = wrapper.cfbundle; includeInIndex = 0; path = SquareUITests.xctest; sourceTree = BUILT_PRODUCTS_DIR; };
		6EC5F7B626018BD200428257 /* SquareUITests.swift */ = {isa = PBXFileReference; lastKnownFileType = sourcecode.swift; path = SquareUITests.swift; sourceTree = "<group>"; };
		6EC5F7B826018BD200428257 /* Info.plist */ = {isa = PBXFileReference; lastKnownFileType = text.plist.xml; path = Info.plist; sourceTree = "<group>"; };
/* End PBXFileReference section */

/* Begin PBXFrameworksBuildPhase section */
		6EC5F78E26018BD000428257 /* Frameworks */ = {
			isa = PBXFrameworksBuildPhase;
			buildActionMask = 2147483647;
			files = (
			);
			runOnlyForDeploymentPostprocessing = 0;
		};
		6EC5F7A426018BD200428257 /* Frameworks */ = {
			isa = PBXFrameworksBuildPhase;
			buildActionMask = 2147483647;
			files = (
			);
			runOnlyForDeploymentPostprocessing = 0;
		};
		6EC5F7AF26018BD200428257 /* Frameworks */ = {
			isa = PBXFrameworksBuildPhase;
			buildActionMask = 2147483647;
			files = (
			);
			runOnlyForDeploymentPostprocessing = 0;
		};
/* End PBXFrameworksBuildPhase section */

/* Begin PBXGroup section */
		6EC5F78826018BD000428257 = {
			isa = PBXGroup;
			children = (
				6EC5F79326018BD000428257 /* Square */,
				6EC5F7AA26018BD200428257 /* SquareTests */,
				6EC5F7B526018BD200428257 /* SquareUITests */,
				6EC5F79226018BD000428257 /* Products */,
			);
			sourceTree = "<group>";
		};
		6EC5F79226018BD000428257 /* Products */ = {
			isa = PBXGroup;
			children = (
				6EC5F79126018BD000428257 /* Square.app */,
				6EC5F7A726018BD200428257 /* SquareTests.xctest */,
				6EC5F7B226018BD200428257 /* SquareUITests.xctest */,
			);
			name = Products;
			sourceTree = "<group>";
		};
		6EC5F79326018BD000428257 /* Square */ = {
			isa = PBXGroup;
			children = (
				6EC5F79826018BD000428257 /* EmployeesViewController.swift */,
				6EC5F79A26018BD000428257 /* Main.storyboard */,
				6EC5F7C726018C0A00428257 /* Support */,
			);
			path = Square;
			sourceTree = "<group>";
		};
		6EC5F7AA26018BD200428257 /* SquareTests */ = {
			isa = PBXGroup;
			children = (
				6EC5F7AB26018BD200428257 /* SquareTests.swift */,
				6EC5F7AD26018BD200428257 /* Info.plist */,
			);
			path = SquareTests;
			sourceTree = "<group>";
		};
		6EC5F7B526018BD200428257 /* SquareUITests */ = {
			isa = PBXGroup;
			children = (
				6EC5F7B626018BD200428257 /* SquareUITests.swift */,
				6EC5F7B826018BD200428257 /* Info.plist */,
			);
			path = SquareUITests;
			sourceTree = "<group>";
		};
		6EC5F7C726018C0A00428257 /* Support */ = {
			isa = PBXGroup;
			children = (
				6EC5F79426018BD000428257 /* AppDelegate.swift */,
				6EC5F79626018BD000428257 /* SceneDelegate.swift */,
				6EC5F79D26018BD200428257 /* Assets.xcassets */,
				6EC5F79F26018BD200428257 /* LaunchScreen.storyboard */,
				6EC5F7A226018BD200428257 /* Info.plist */,
			);
			name = Support;
			sourceTree = "<group>";
		};
/* End PBXGroup section */

/* Begin PBXNativeTarget section */
		6EC5F79026018BD000428257 /* Square */ = {
			isa = PBXNativeTarget;
			buildConfigurationList = 6EC5F7BB26018BD200428257 /* Build configuration list for PBXNativeTarget "Square" */;
			buildPhases = (
				6EC5F78D26018BD000428257 /* Sources */,
				6EC5F78E26018BD000428257 /* Frameworks */,
				6EC5F78F26018BD000428257 /* Resources */,
			);
			buildRules = (
			);
			dependencies = (
			);
			name = Square;
			productName = Square;
			productReference = 6EC5F79126018BD000428257 /* Square.app */;
			productType = "com.apple.product-type.application";
		};
		6EC5F7A626018BD200428257 /* SquareTests */ = {
			isa = PBXNativeTarget;
			buildConfigurationList = 6EC5F7BE26018BD200428257 /* Build configuration list for PBXNativeTarget "SquareTests" */;
			buildPhases = (
				6EC5F7A326018BD200428257 /* Sources */,
				6EC5F7A426018BD200428257 /* Frameworks */,
				6EC5F7A526018BD200428257 /* Resources */,
			);
			buildRules = (
			);
			dependencies = (
				6EC5F7A926018BD200428257 /* PBXTargetDependency */,
			);
			name = SquareTests;
			productName = SquareTests;
			productReference = 6EC5F7A726018BD200428257 /* SquareTests.xctest */;
			productType = "com.apple.product-type.bundle.unit-test";
		};
		6EC5F7B126018BD200428257 /* SquareUITests */ = {
			isa = PBXNativeTarget;
			buildConfigurationList = 6EC5F7C126018BD200428257 /* Build configuration list for PBXNativeTarget "SquareUITests" */;
			buildPhases = (
				6EC5F7AE26018BD200428257 /* Sources */,
				6EC5F7AF26018BD200428257 /* Frameworks */,
				6EC5F7B026018BD200428257 /* Resources */,
			);
			buildRules = (
			);
			dependencies = (
				6EC5F7B426018BD200428257 /* PBXTargetDependency */,
			);
			name = SquareUITests;
			productName = SquareUITests;
			productReference = 6EC5F7B226018BD200428257 /* SquareUITests.xctest */;
			productType = "com.apple.product-type.bundle.ui-testing";
		};
/* End PBXNativeTarget section */

/* Begin PBXProject section */
		6EC5F78926018BD000428257 /* Project object */ = {
			isa = PBXProject;
			attributes = {
				LastSwiftUpdateCheck = 1240;
				LastUpgradeCheck = 1240;
				TargetAttributes = {
					6EC5F79026018BD000428257 = {
						CreatedOnToolsVersion = 12.4;
					};
					6EC5F7A626018BD200428257 = {
						CreatedOnToolsVersion = 12.4;
						TestTargetID = 6EC5F79026018BD000428257;
					};
					6EC5F7B126018BD200428257 = {
						CreatedOnToolsVersion = 12.4;
						TestTargetID = 6EC5F79026018BD000428257;
					};
				};
			};
			buildConfigurationList = 6EC5F78C26018BD000428257 /* Build configuration list for PBXProject "Square" */;
			compatibilityVersion = "Xcode 9.3";
			developmentRegion = en;
			hasScannedForEncodings = 0;
			knownRegions = (
				en,
				Base,
			);
			mainGroup = 6EC5F78826018BD000428257;
			productRefGroup = 6EC5F79226018BD000428257 /* Products */;
			projectDirPath = "";
			projectRoot = "";
			targets = (
				6EC5F79026018BD000428257 /* Square */,
				6EC5F7A626018BD200428257 /* SquareTests */,
				6EC5F7B126018BD200428257 /* SquareUITests */,
			);
		};
/* End PBXProject section */

/* Begin PBXResourcesBuildPhase section */
		6EC5F78F26018BD000428257 /* Resources */ = {
			isa = PBXResourcesBuildPhase;
			buildActionMask = 2147483647;
			files = (
				6EC5F7A126018BD200428257 /* LaunchScreen.storyboard in Resources */,
				6EC5F79E26018BD200428257 /* Assets.xcassets in Resources */,
				6EC5F79C26018BD000428257 /* Main.storyboard in Resources */,
			);
			runOnlyForDeploymentPostprocessing = 0;
		};
		6EC5F7A526018BD200428257 /* Resources */ = {
			isa = PBXResourcesBuildPhase;
			buildActionMask = 2147483647;
			files = (
			);
			runOnlyForDeploymentPostprocessing = 0;
		};
		6EC5F7B026018BD200428257 /* Resources */ = {
			isa = PBXResourcesBuildPhase;
			buildActionMask = 2147483647;
			files = (
			);
			runOnlyForDeploymentPostprocessing = 0;
		};
/* End PBXResourcesBuildPhase section */

/* Begin PBXSourcesBuildPhase section */
		6EC5F78D26018BD000428257 /* Sources */ = {
			isa = PBXSourcesBuildPhase;
			buildActionMask = 2147483647;
			files = (
				6EC5F79926018BD000428257 /* EmployeesViewController.swift in Sources */,
				6EC5F79526018BD000428257 /* AppDelegate.swift in Sources */,
				6EC5F79726018BD000428257 /* SceneDelegate.swift in Sources */,
			);
			runOnlyForDeploymentPostprocessing = 0;
		};
		6EC5F7A326018BD200428257 /* Sources */ = {
			isa = PBXSourcesBuildPhase;
			buildActionMask = 2147483647;
			files = (
				6EC5F7AC26018BD200428257 /* SquareTests.swift in Sources */,
			);
			runOnlyForDeploymentPostprocessing = 0;
		};
		6EC5F7AE26018BD200428257 /* Sources */ = {
			isa = PBXSourcesBuildPhase;
			buildActionMask = 2147483647;
			files = (
				6EC5F7B726018BD200428257 /* SquareUITests.swift in Sources */,
			);
			runOnlyForDeploymentPostprocessing = 0;
		};
/* End PBXSourcesBuildPhase section */

/* Begin PBXTargetDependency section */
		6EC5F7A926018BD200428257 /* PBXTargetDependency */ = {
			isa = PBXTargetDependency;
			target = 6EC5F79026018BD000428257 /* Square */;
			targetProxy = 6EC5F7A826018BD200428257 /* PBXContainerItemProxy */;
		};
		6EC5F7B426018BD200428257 /* PBXTargetDependency */ = {
			isa = PBXTargetDependency;
			target = 6EC5F79026018BD000428257 /* Square */;
			targetProxy = 6EC5F7B326018BD200428257 /* PBXContainerItemProxy */;
		};
/* End PBXTargetDependency section */

/* Begin PBXVariantGroup section */
		6EC5F79A26018BD000428257 /* Main.storyboard */ = {
			isa = PBXVariantGroup;
			children = (
				6EC5F79B26018BD000428257 /* Base */,
			);
			name = Main.storyboard;
			sourceTree = "<group>";
		};
		6EC5F79F26018BD200428257 /* LaunchScreen.storyboard */ = {
			isa = PBXVariantGroup;
			children = (
				6EC5F7A026018BD200428257 /* Base */,
			);
			name = LaunchScreen.storyboard;
			sourceTree = "<group>";
		};
/* End PBXVariantGroup section */

/* Begin XCBuildConfiguration section */
		6EC5F7B926018BD200428257 /* Debug */ = {
			isa = XCBuildConfiguration;
			buildSettings = {
				ALWAYS_SEARCH_USER_PATHS = NO;
				CLANG_ANALYZER_NONNULL = YES;
				CLANG_ANALYZER_NUMBER_OBJECT_CONVERSION = YES_AGGRESSIVE;
				CLANG_CXX_LANGUAGE_STANDARD = "gnu++14";
				CLANG_CXX_LIBRARY = "libc++";
				CLANG_ENABLE_MODULES = YES;
				CLANG_ENABLE_OBJC_ARC = YES;
				CLANG_ENABLE_OBJC_WEAK = YES;
				CLANG_WARN_BLOCK_CAPTURE_AUTORELEASING = YES;
				CLANG_WARN_BOOL_CONVERSION = YES;
				CLANG_WARN_COMMA = YES;
				CLANG_WARN_CONSTANT_CONVERSION = YES;
				CLANG_WARN_DEPRECATED_OBJC_IMPLEMENTATIONS = YES;
				CLANG_WARN_DIRECT_OBJC_ISA_USAGE = YES_ERROR;
				CLANG_WARN_DOCUMENTATION_COMMENTS = YES;
				CLANG_WARN_EMPTY_BODY = YES;
				CLANG_WARN_ENUM_CONVERSION = YES;
				CLANG_WARN_INFINITE_RECURSION = YES;
				CLANG_WARN_INT_CONVERSION = YES;
				CLANG_WARN_NON_LITERAL_NULL_CONVERSION = YES;
				CLANG_WARN_OBJC_IMPLICIT_RETAIN_SELF = YES;
				CLANG_WARN_OBJC_LITERAL_CONVERSION = YES;
				CLANG_WARN_OBJC_ROOT_CLASS = YES_ERROR;
				CLANG_WARN_QUOTED_INCLUDE_IN_FRAMEWORK_HEADER = YES;
				CLANG_WARN_RANGE_LOOP_ANALYSIS = YES;
				CLANG_WARN_STRICT_PROTOTYPES = YES;
				CLANG_WARN_SUSPICIOUS_MOVE = YES;
				CLANG_WARN_UNGUARDED_AVAILABILITY = YES_AGGRESSIVE;
				CLANG_WARN_UNREACHABLE_CODE = YES;
				CLANG_WARN__DUPLICATE_METHOD_MATCH = YES;
				COPY_PHASE_STRIP = NO;
				DEBUG_INFORMATION_FORMAT = dwarf;
				ENABLE_STRICT_OBJC_MSGSEND = YES;
				ENABLE_TESTABILITY = YES;
				GCC_C_LANGUAGE_STANDARD = gnu11;
				GCC_DYNAMIC_NO_PIC = NO;
				GCC_NO_COMMON_BLOCKS = YES;
				GCC_OPTIMIZATION_LEVEL = 0;
				GCC_PREPROCESSOR_DEFINITIONS = (
					"DEBUG=1",
					"$(inherited)",
				);
				GCC_WARN_64_TO_32_BIT_CONVERSION = YES;
				GCC_WARN_ABOUT_RETURN_TYPE = YES_ERROR;
				GCC_WARN_UNDECLARED_SELECTOR = YES;
				GCC_WARN_UNINITIALIZED_AUTOS = YES_AGGRESSIVE;
				GCC_WARN_UNUSED_FUNCTION = YES;
				GCC_WARN_UNUSED_VARIABLE = YES;
				IPHONEOS_DEPLOYMENT_TARGET = 14.4;
				MTL_ENABLE_DEBUG_INFO = INCLUDE_SOURCE;
				MTL_FAST_MATH = YES;
				ONLY_ACTIVE_ARCH = YES;
				SDKROOT = iphoneos;
				SWIFT_ACTIVE_COMPILATION_CONDITIONS = DEBUG;
				SWIFT_OPTIMIZATION_LEVEL = "-Onone";
			};
			name = Debug;
		};
		6EC5F7BA26018BD200428257 /* Release */ = {
			isa = XCBuildConfiguration;
			buildSettings = {
				ALWAYS_SEARCH_USER_PATHS = NO;
				CLANG_ANALYZER_NONNULL = YES;
				CLANG_ANALYZER_NUMBER_OBJECT_CONVERSION = YES_AGGRESSIVE;
				CLANG_CXX_LANGUAGE_STANDARD = "gnu++14";
				CLANG_CXX_LIBRARY = "libc++";
				CLANG_ENABLE_MODULES = YES;
				CLANG_ENABLE_OBJC_ARC = YES;
				CLANG_ENABLE_OBJC_WEAK = YES;
				CLANG_WARN_BLOCK_CAPTURE_AUTORELEASING = YES;
				CLANG_WARN_BOOL_CONVERSION = YES;
				CLANG_WARN_COMMA = YES;
				CLANG_WARN_CONSTANT_CONVERSION = YES;
				CLANG_WARN_DEPRECATED_OBJC_IMPLEMENTATIONS = YES;
				CLANG_WARN_DIRECT_OBJC_ISA_USAGE = YES_ERROR;
				CLANG_WARN_DOCUMENTATION_COMMENTS = YES;
				CLANG_WARN_EMPTY_BODY = YES;
				CLANG_WARN_ENUM_CONVERSION = YES;
				CLANG_WARN_INFINITE_RECURSION = YES;
				CLANG_WARN_INT_CONVERSION = YES;
				CLANG_WARN_NON_LITERAL_NULL_CONVERSION = YES;
				CLANG_WARN_OBJC_IMPLICIT_RETAIN_SELF = YES;
				CLANG_WARN_OBJC_LITERAL_CONVERSION = YES;
				CLANG_WARN_OBJC_ROOT_CLASS = YES_ERROR;
				CLANG_WARN_QUOTED_INCLUDE_IN_FRAMEWORK_HEADER = YES;
				CLANG_WARN_RANGE_LOOP_ANALYSIS = YES;
				CLANG_WARN_STRICT_PROTOTYPES = YES;
				CLANG_WARN_SUSPICIOUS_MOVE = YES;
				CLANG_WARN_UNGUARDED_AVAILABILITY = YES_AGGRESSIVE;
				CLANG_WARN_UNREACHABLE_CODE = YES;
				CLANG_WARN__DUPLICATE_METHOD_MATCH = YES;
				COPY_PHASE_STRIP = NO;
				DEBUG_INFORMATION_FORMAT = "dwarf-with-dsym";
				ENABLE_NS_ASSERTIONS = NO;
				ENABLE_STRICT_OBJC_MSGSEND = YES;
				GCC_C_LANGUAGE_STANDARD = gnu11;
				GCC_NO_COMMON_BLOCKS = YES;
				GCC_WARN_64_TO_32_BIT_CONVERSION = YES;
				GCC_WARN_ABOUT_RETURN_TYPE = YES_ERROR;
				GCC_WARN_UNDECLARED_SELECTOR = YES;
				GCC_WARN_UNINITIALIZED_AUTOS = YES_AGGRESSIVE;
				GCC_WARN_UNUSED_FUNCTION = YES;
				GCC_WARN_UNUSED_VARIABLE = YES;
				IPHONEOS_DEPLOYMENT_TARGET = 14.4;
				MTL_ENABLE_DEBUG_INFO = NO;
				MTL_FAST_MATH = YES;
				SDKROOT = iphoneos;
				SWIFT_COMPILATION_MODE = wholemodule;
				SWIFT_OPTIMIZATION_LEVEL = "-O";
				VALIDATE_PRODUCT = YES;
			};
			name = Release;
		};
		6EC5F7BC26018BD200428257 /* Debug */ = {
			isa = XCBuildConfiguration;
			buildSettings = {
				ASSETCATALOG_COMPILER_APPICON_NAME = AppIcon;
				ASSETCATALOG_COMPILER_GLOBAL_ACCENT_COLOR_NAME = AccentColor;
				CODE_SIGN_STYLE = Automatic;
				INFOPLIST_FILE = Square/Info.plist;
				LD_RUNPATH_SEARCH_PATHS = (
					"$(inherited)",
					"@executable_path/Frameworks",
				);
				PRODUCT_BUNDLE_IDENTIFIER = dev.yariv.Square;
				PRODUCT_NAME = "$(TARGET_NAME)";
				SWIFT_VERSION = 5.0;
				TARGETED_DEVICE_FAMILY = "1,2";
			};
			name = Debug;
		};
		6EC5F7BD26018BD200428257 /* Release */ = {
			isa = XCBuildConfiguration;
			buildSettings = {
				ASSETCATALOG_COMPILER_APPICON_NAME = AppIcon;
				ASSETCATALOG_COMPILER_GLOBAL_ACCENT_COLOR_NAME = AccentColor;
				CODE_SIGN_STYLE = Automatic;
				INFOPLIST_FILE = Square/Info.plist;
				LD_RUNPATH_SEARCH_PATHS = (
					"$(inherited)",
					"@executable_path/Frameworks",
				);
				PRODUCT_BUNDLE_IDENTIFIER = dev.yariv.Square;
				PRODUCT_NAME = "$(TARGET_NAME)";
				SWIFT_VERSION = 5.0;
				TARGETED_DEVICE_FAMILY = "1,2";
			};
			name = Release;
		};
		6EC5F7BF26018BD200428257 /* Debug */ = {
			isa = XCBuildConfiguration;
			buildSettings = {
				ALWAYS_EMBED_SWIFT_STANDARD_LIBRARIES = YES;
				BUNDLE_LOADER = "$(TEST_HOST)";
				CODE_SIGN_STYLE = Automatic;
				INFOPLIST_FILE = SquareTests/Info.plist;
				IPHONEOS_DEPLOYMENT_TARGET = 14.4;
				LD_RUNPATH_SEARCH_PATHS = (
					"$(inherited)",
					"@executable_path/Frameworks",
					"@loader_path/Frameworks",
				);
				PRODUCT_BUNDLE_IDENTIFIER = dev.yariv.SquareTests;
				PRODUCT_NAME = "$(TARGET_NAME)";
				SWIFT_VERSION = 5.0;
				TARGETED_DEVICE_FAMILY = "1,2";
				TEST_HOST = "$(BUILT_PRODUCTS_DIR)/Square.app/Square";
			};
			name = Debug;
		};
		6EC5F7C026018BD200428257 /* Release */ = {
			isa = XCBuildConfiguration;
			buildSettings = {
				ALWAYS_EMBED_SWIFT_STANDARD_LIBRARIES = YES;
				BUNDLE_LOADER = "$(TEST_HOST)";
				CODE_SIGN_STYLE = Automatic;
				INFOPLIST_FILE = SquareTests/Info.plist;
				IPHONEOS_DEPLOYMENT_TARGET = 14.4;
				LD_RUNPATH_SEARCH_PATHS = (
					"$(inherited)",
					"@executable_path/Frameworks",
					"@loader_path/Frameworks",
				);
				PRODUCT_BUNDLE_IDENTIFIER = dev.yariv.SquareTests;
				PRODUCT_NAME = "$(TARGET_NAME)";
				SWIFT_VERSION = 5.0;
				TARGETED_DEVICE_FAMILY = "1,2";
				TEST_HOST = "$(BUILT_PRODUCTS_DIR)/Square.app/Square";
			};
			name = Release;
		};
		6EC5F7C226018BD200428257 /* Debug */ = {
			isa = XCBuildConfiguration;
			buildSettings = {
				ALWAYS_EMBED_SWIFT_STANDARD_LIBRARIES = YES;
				CODE_SIGN_STYLE = Automatic;
				INFOPLIST_FILE = SquareUITests/Info.plist;
				LD_RUNPATH_SEARCH_PATHS = (
					"$(inherited)",
					"@executable_path/Frameworks",
					"@loader_path/Frameworks",
				);
				PRODUCT_BUNDLE_IDENTIFIER = dev.yariv.SquareUITests;
				PRODUCT_NAME = "$(TARGET_NAME)";
				SWIFT_VERSION = 5.0;
				TARGETED_DEVICE_FAMILY = "1,2";
				TEST_TARGET_NAME = Square;
			};
			name = Debug;
		};
		6EC5F7C326018BD200428257 /* Release */ = {
			isa = XCBuildConfiguration;
			buildSettings = {
				ALWAYS_EMBED_SWIFT_STANDARD_LIBRARIES = YES;
				CODE_SIGN_STYLE = Automatic;
				INFOPLIST_FILE = SquareUITests/Info.plist;
				LD_RUNPATH_SEARCH_PATHS = (
					"$(inherited)",
					"@executable_path/Frameworks",
					"@loader_path/Frameworks",
				);
				PRODUCT_BUNDLE_IDENTIFIER = dev.yariv.SquareUITests;
				PRODUCT_NAME = "$(TARGET_NAME)";
				SWIFT_VERSION = 5.0;
				TARGETED_DEVICE_FAMILY = "1,2";
				TEST_TARGET_NAME = Square;
			};
			name = Release;
		};
/* End XCBuildConfiguration section */

/* Begin XCConfigurationList section */
		6EC5F78C26018BD000428257 /* Build configuration list for PBXProject "Square" */ = {
			isa = XCConfigurationList;
			buildConfigurations = (
				6EC5F7B926018BD200428257 /* Debug */,
				6EC5F7BA26018BD200428257 /* Release */,
			);
			defaultConfigurationIsVisible = 0;
			defaultConfigurationName = Release;
		};
		6EC5F7BB26018BD200428257 /* Build configuration list for PBXNativeTarget "Square" */ = {
			isa = XCConfigurationList;
			buildConfigurations = (
				6EC5F7BC26018BD200428257 /* Debug */,
				6EC5F7BD26018BD200428257 /* Release */,
			);
			defaultConfigurationIsVisible = 0;
			defaultConfigurationName = Release;
		};
		6EC5F7BE26018BD200428257 /* Build configuration list for PBXNativeTarget "SquareTests" */ = {
			isa = XCConfigurationList;
			buildConfigurations = (
				6EC5F7BF26018BD200428257 /* Debug */,
				6EC5F7C026018BD200428257 /* Release */,
			);
			defaultConfigurationIsVisible = 0;
			defaultConfigurationName = Release;
		};
		6EC5F7C126018BD200428257 /* Build configuration list for PBXNativeTarget "SquareUITests" */ = {
			isa = XCConfigurationList;
			buildConfigurations = (
				6EC5F7C226018BD200428257 /* Debug */,
				6EC5F7C326018BD200428257 /* Release */,
			);
			defaultConfigurationIsVisible = 0;
			defaultConfigurationName = Release;
		};
/* End XCConfigurationList section */
	};
	rootObject = 6EC5F78926018BD000428257 /* Project object */;
}
